
Microsoft Visual Studio Solution File, Format Version 12.00
# Visual Studio Version 17
VisualStudioVersion = 17.4.33103.184
MinimumVisualStudioVersion = 10.0.40219.1
Project("{8BC9CEB8-8B4A-11D0-8D11-00A0C91BC942}") = "LogCraft", "LogCraft\LogCraft.vcxproj", "{9983DA9E-3C95-44B1-8D75-1B654BC8FE30}"
EndProject
Project("{2150E333-8FDC-42A3-9474-1A3956D46DE8}") = "Solution Items", "Solution Items", "{A82C35B6-F636-4282-9612-37AF97FAC802}"
	ProjectSection(SolutionItems) = preProject
		LogCraft.hpp = LogCraft.hpp
	EndProjectSection
EndProject
Global
	GlobalSection(SolutionConfigurationPlatforms) = preSolution
		Debug|x64 = Debug|x64
		Debug|x86 = Debug|x86
		Release|x64 = Release|x64
		Release|x86 = Release|x86
	EndGlobalSection
	GlobalSection(ProjectConfigurationPlatforms) = postSolution
		{9983DA9E-3C95-44B1-8D75-1B654BC8FE30}.Debug|x64.ActiveCfg = Debug|x64
		{9983DA9E-3C95-44B1-8D75-1B654BC8FE30}.Debug|x64.Build.0 = Debug|x64
		{9983DA9E-3C95-44B1-8D75-1B654BC8FE30}.Debug|x86.ActiveCfg = Debug|Win32
		{9983DA9E-3C95-44B1-8D75-1B654BC8FE30}.Debug|x86.Build.0 = Debug|Win32
		{9983DA9E-3C95-44B1-8D75-1B654BC8FE30}.Release|x64.ActiveCfg = Release|x64
		{9983DA9E-3C95-44B1-8D75-1B654BC8FE30}.Release|x64.Build.0 = Release|x64
		{9983DA9E-3C95-44B1-8D75-1B654BC8FE30}.Release|x86.ActiveCfg = Release|Win32
		{9983DA9E-3C95-44B1-8D75-1B654BC8FE30}.Release|x86.Build.0 = Release|Win32
	EndGlobalSection
	GlobalSection(SolutionProperties) = preSolution
		HideSolutionNode = FALSE
	EndGlobalSection
	GlobalSection(ExtensibilityGlobals) = postSolution
		SolutionGuid = {6689878A-815A-477B-B341-ED5DDD3DCCF5}
	EndGlobalSection
EndGlobal
